
Microsoft Visual Studio Solution File, Format Version 12.00
# Visual Studio Version 16
VisualStudioVersion = 16.0.30717.126
MinimumVisualStudioVersion = 10.0.40219.1
Project("{9A19103F-16F7-4668-BE54-9A1E7A4F7556}") = "AnticoStore", "AnticoStore\AnticoStore.csproj", "{B3CA04C9-CCC0-4090-B643-39BB00B282F8}"
EndProject
Project("{FAE04EC0-301F-11D3-BF4B-00C04F79EFBC}") = "WebApi", "WebApi\WebApi.csproj", "{A5995268-6E6F-4DC7-B4D5-9960B275BEA9}"
EndProject
Project("{FAE04EC0-301F-11D3-BF4B-00C04F79EFBC}") = "Database", "Database\Database.csproj", "{5318376D-905C-4D2C-A2C1-94D54D6EAB68}"
EndProject
Global
	GlobalSection(SolutionConfigurationPlatforms) = preSolution
		Debug|Any CPU = Debug|Any CPU
		Release|Any CPU = Release|Any CPU
	EndGlobalSection
	GlobalSection(ProjectConfigurationPlatforms) = postSolution
		{B3CA04C9-CCC0-4090-B643-39BB00B282F8}.Debug|Any CPU.ActiveCfg = Debug|Any CPU
		{B3CA04C9-CCC0-4090-B643-39BB00B282F8}.Debug|Any CPU.Build.0 = Debug|Any CPU
		{B3CA04C9-CCC0-4090-B643-39BB00B282F8}.Release|Any CPU.ActiveCfg = Release|Any CPU
		{B3CA04C9-CCC0-4090-B643-39BB00B282F8}.Release|Any CPU.Build.0 = Release|Any CPU
		{A5995268-6E6F-4DC7-B4D5-9960B275BEA9}.Debug|Any CPU.ActiveCfg = Debug|Any CPU
		{A5995268-6E6F-4DC7-B4D5-9960B275BEA9}.Debug|Any CPU.Build.0 = Debug|Any CPU
		{A5995268-6E6F-4DC7-B4D5-9960B275BEA9}.Release|Any CPU.ActiveCfg = Release|Any CPU
		{A5995268-6E6F-4DC7-B4D5-9960B275BEA9}.Release|Any CPU.Build.0 = Release|Any CPU
		{5318376D-905C-4D2C-A2C1-94D54D6EAB68}.Debug|Any CPU.ActiveCfg = Debug|Any CPU
		{5318376D-905C-4D2C-A2C1-94D54D6EAB68}.Debug|Any CPU.Build.0 = Debug|Any CPU
		{5318376D-905C-4D2C-A2C1-94D54D6EAB68}.Release|Any CPU.ActiveCfg = Release|Any CPU
		{5318376D-905C-4D2C-A2C1-94D54D6EAB68}.Release|Any CPU.Build.0 = Release|Any CPU
	EndGlobalSection
	GlobalSection(SolutionProperties) = preSolution
		HideSolutionNode = FALSE
	EndGlobalSection
	GlobalSection(ExtensibilityGlobals) = postSolution
		SolutionGuid = {E6FEF903-8703-4EE4-A2BD-2518601C7836}
	EndGlobalSection
EndGlobal
